
Microsoft Visual Studio Solution File, Format Version 11.00
# Visual Studio 2010
Project("{FAE04EC0-301F-11D3-BF4B-00C04F79EFBC}") = "Assembly-CSharp", "Assembly-CSharp.csproj", "{ACA99671-D768-1501-D1FA-E3C8010EB246}"
EndProject
Project("{FAE04EC0-301F-11D3-BF4B-00C04F79EFBC}") = "Assembly-CSharp-Editor", "Assembly-CSharp-Editor.csproj", "{4725754C-09D8-D390-A23B-7A9D2B6008CB}"
EndProject
Global
	GlobalSection(SolutionConfigurationPlatforms) = preSolution
		Debug|Any CPU = Debug|Any CPU
		Release|Any CPU = Release|Any CPU
	EndGlobalSection
	GlobalSection(ProjectConfigurationPlatforms) = postSolution
		{ACA99671-D768-1501-D1FA-E3C8010EB246}.Debug|Any CPU.ActiveCfg = Debug|Any CPU
		{ACA99671-D768-1501-D1FA-E3C8010EB246}.Debug|Any CPU.Build.0 = Debug|Any CPU
		{ACA99671-D768-1501-D1FA-E3C8010EB246}.Release|Any CPU.ActiveCfg = Release|Any CPU
		{ACA99671-D768-1501-D1FA-E3C8010EB246}.Release|Any CPU.Build.0 = Release|Any CPU
		{4725754C-09D8-D390-A23B-7A9D2B6008CB}.Debug|Any CPU.ActiveCfg = Debug|Any CPU
		{4725754C-09D8-D390-A23B-7A9D2B6008CB}.Debug|Any CPU.Build.0 = Debug|Any CPU
		{4725754C-09D8-D390-A23B-7A9D2B6008CB}.Release|Any CPU.ActiveCfg = Release|Any CPU
		{4725754C-09D8-D390-A23B-7A9D2B6008CB}.Release|Any CPU.Build.0 = Release|Any CPU
	EndGlobalSection
	GlobalSection(SolutionProperties) = preSolution
		HideSolutionNode = FALSE
	EndGlobalSection
	GlobalSection(MonoDevelopProperties) = preSolution
		StartupItem = Assembly-CSharp.csproj
	EndGlobalSection
EndGlobal
